
Microsoft Visual Studio Solution File, Format Version 12.00
# Visual Studio Version 17
VisualStudioVersion = 17.3.32929.385
MinimumVisualStudioVersion = 10.0.40219.1
Project("{FAE04EC0-301F-11D3-BF4B-00C04F79EFBC}") = "Deposit Calculator", "Deposit Calculator\Deposit Calculator.csproj", "{AA06FC96-AE49-465F-8789-F15E0EAECF31}"
EndProject
Global
	GlobalSection(SolutionConfigurationPlatforms) = preSolution
		Debug|Any CPU = Debug|Any CPU
		Release|Any CPU = Release|Any CPU
	EndGlobalSection
	GlobalSection(ProjectConfigurationPlatforms) = postSolution
		{AA06FC96-AE49-465F-8789-F15E0EAECF31}.Debug|Any CPU.ActiveCfg = Debug|Any CPU
		{AA06FC96-AE49-465F-8789-F15E0EAECF31}.Debug|Any CPU.Build.0 = Debug|Any CPU
		{AA06FC96-AE49-465F-8789-F15E0EAECF31}.Release|Any CPU.ActiveCfg = Release|Any CPU
		{AA06FC96-AE49-465F-8789-F15E0EAECF31}.Release|Any CPU.Build.0 = Release|Any CPU
	EndGlobalSection
	GlobalSection(SolutionProperties) = preSolution
		HideSolutionNode = FALSE
	EndGlobalSection
	GlobalSection(ExtensibilityGlobals) = postSolution
		SolutionGuid = {21581B5A-23BE-430C-BB42-7581BE166CC8}
	EndGlobalSection
EndGlobal
